
Microsoft Visual Studio Solution File, Format Version 12.00
# Visual Studio Version 16
VisualStudioVersion = 16.0.29911.98
MinimumVisualStudioVersion = 10.0.40219.1
Project("{9A19103F-16F7-4668-BE54-9A1E7A4F7556}") = "MyAnimeList.API", "MyAnimeList.API\MyAnimeList.API.csproj", "{78A0261E-0482-4A0F-AD87-C2A37E2D7545}"
EndProject
Project("{FAE04EC0-301F-11D3-BF4B-00C04F79EFBC}") = "test", "test\test.csproj", "{DE92C462-2395-438B-920F-E6CAEE994B25}"
EndProject
Global
	GlobalSection(SolutionConfigurationPlatforms) = preSolution
		Debug|Any CPU = Debug|Any CPU
		Release|Any CPU = Release|Any CPU
	EndGlobalSection
	GlobalSection(ProjectConfigurationPlatforms) = postSolution
		{78A0261E-0482-4A0F-AD87-C2A37E2D7545}.Debug|Any CPU.ActiveCfg = Debug|Any CPU
		{78A0261E-0482-4A0F-AD87-C2A37E2D7545}.Debug|Any CPU.Build.0 = Debug|Any CPU
		{78A0261E-0482-4A0F-AD87-C2A37E2D7545}.Release|Any CPU.ActiveCfg = Release|Any CPU
		{78A0261E-0482-4A0F-AD87-C2A37E2D7545}.Release|Any CPU.Build.0 = Release|Any CPU
		{DE92C462-2395-438B-920F-E6CAEE994B25}.Debug|Any CPU.ActiveCfg = Debug|Any CPU
		{DE92C462-2395-438B-920F-E6CAEE994B25}.Debug|Any CPU.Build.0 = Debug|Any CPU
		{DE92C462-2395-438B-920F-E6CAEE994B25}.Release|Any CPU.ActiveCfg = Release|Any CPU
		{DE92C462-2395-438B-920F-E6CAEE994B25}.Release|Any CPU.Build.0 = Release|Any CPU
	EndGlobalSection
	GlobalSection(SolutionProperties) = preSolution
		HideSolutionNode = FALSE
	EndGlobalSection
	GlobalSection(ExtensibilityGlobals) = postSolution
		SolutionGuid = {2F348390-B90C-4037-A49D-766F7CE76BF0}
	EndGlobalSection
EndGlobal
